// !$*UTF8*$!
{
	archiveVersion = 1;
	classes = {
	};
	objectVersion = 50;
	objects = {

/* Begin PBXBuildFile section */
		863988D8246043DF00395509 /* AppDelegate.swift in Sources */ = {isa = PBXBuildFile; fileRef = 863988D7246043DF00395509 /* AppDelegate.swift */; };
		863988DA246043DF00395509 /* SceneDelegate.swift in Sources */ = {isa = PBXBuildFile; fileRef = 863988D9246043DF00395509 /* SceneDelegate.swift */; };
		863988DC246043DF00395509 /* OverdraftViewController.swift in Sources */ = {isa = PBXBuildFile; fileRef = 863988DB246043DF00395509 /* OverdraftViewController.swift */; };
		863988DF246043DF00395509 /* Main.storyboard in Resources */ = {isa = PBXBuildFile; fileRef = 863988DD246043DF00395509 /* Main.storyboard */; };
		863988E1246043E100395509 /* Assets.xcassets in Resources */ = {isa = PBXBuildFile; fileRef = 863988E0246043E100395509 /* Assets.xcassets */; };
		863988E4246043E100395509 /* LaunchScreen.storyboard in Resources */ = {isa = PBXBuildFile; fileRef = 863988E2246043E100395509 /* LaunchScreen.storyboard */; };
		863988EC246056F000395509 /* AlertSwitchTableViewCell.swift in Sources */ = {isa = PBXBuildFile; fileRef = 863988EB246056F000395509 /* AlertSwitchTableViewCell.swift */; };
		869191E22460DC5F00C24C64 /* OverdraftsTabViewController.swift in Sources */ = {isa = PBXBuildFile; fileRef = 869191E12460DC5F00C24C64 /* OverdraftsTabViewController.swift */; };
/* End PBXBuildFile section */

/* Begin PBXFileReference section */
		863988D4246043DF00395509 /* Overdue.app */ = {isa = PBXFileReference; explicitFileType = wrapper.application; includeInIndex = 0; path = Overdue.app; sourceTree = BUILT_PRODUCTS_DIR; };
		863988D7246043DF00395509 /* AppDelegate.swift */ = {isa = PBXFileReference; lastKnownFileType = sourcecode.swift; path = AppDelegate.swift; sourceTree = "<group>"; };
		863988D9246043DF00395509 /* SceneDelegate.swift */ = {isa = PBXFileReference; lastKnownFileType = sourcecode.swift; path = SceneDelegate.swift; sourceTree = "<group>"; };
		863988DB246043DF00395509 /* OverdraftViewController.swift */ = {isa = PBXFileReference; lastKnownFileType = sourcecode.swift; path = OverdraftViewController.swift; sourceTree = "<group>"; };
		863988DE246043DF00395509 /* Base */ = {isa = PBXFileReference; lastKnownFileType = file.storyboard; name = Base; path = Base.lproj/Main.storyboard; sourceTree = "<group>"; };
		863988E0246043E100395509 /* Assets.xcassets */ = {isa = PBXFileReference; lastKnownFileType = folder.assetcatalog; path = Assets.xcassets; sourceTree = "<group>"; };
		863988E3246043E100395509 /* Base */ = {isa = PBXFileReference; lastKnownFileType = file.storyboard; name = Base; path = Base.lproj/LaunchScreen.storyboard; sourceTree = "<group>"; };
		863988E5246043E100395509 /* Info.plist */ = {isa = PBXFileReference; lastKnownFileType = text.plist.xml; path = Info.plist; sourceTree = "<group>"; };
		863988EB246056F000395509 /* AlertSwitchTableViewCell.swift */ = {isa = PBXFileReference; lastKnownFileType = sourcecode.swift; path = AlertSwitchTableViewCell.swift; sourceTree = "<group>"; };
		869191E12460DC5F00C24C64 /* OverdraftsTabViewController.swift */ = {isa = PBXFileReference; lastKnownFileType = sourcecode.swift; path = OverdraftsTabViewController.swift; sourceTree = "<group>"; };
/* End PBXFileReference section */

/* Begin PBXFrameworksBuildPhase section */
		863988D1246043DF00395509 /* Frameworks */ = {
			isa = PBXFrameworksBuildPhase;
			buildActionMask = 2147483647;
			files = (
			);
			runOnlyForDeploymentPostprocessing = 0;
		};
/* End PBXFrameworksBuildPhase section */

/* Begin PBXGroup section */
		863988CB246043DF00395509 = {
			isa = PBXGroup;
			children = (
				863988D6246043DF00395509 /* Overdue */,
				863988D5246043DF00395509 /* Products */,
			);
			sourceTree = "<group>";
		};
		863988D5246043DF00395509 /* Products */ = {
			isa = PBXGroup;
			children = (
				863988D4246043DF00395509 /* Overdue.app */,
			);
			name = Products;
			sourceTree = "<group>";
		};
		863988D6246043DF00395509 /* Overdue */ = {
			isa = PBXGroup;
			children = (
				863988D7246043DF00395509 /* AppDelegate.swift */,
				863988D9246043DF00395509 /* SceneDelegate.swift */,
				863988EE2460598600395509 /* Controller */,
				863988EF2460599400395509 /* View */,
				863988E0246043E100395509 /* Assets.xcassets */,
				863988E5246043E100395509 /* Info.plist */,
			);
			path = Overdue;
			sourceTree = "<group>";
		};
		863988EE2460598600395509 /* Controller */ = {
			isa = PBXGroup;
			children = (
				863988DB246043DF00395509 /* OverdraftViewController.swift */,
				869191E12460DC5F00C24C64 /* OverdraftsTabViewController.swift */,
			);
			path = Controller;
			sourceTree = "<group>";
		};
		863988EF2460599400395509 /* View */ = {
			isa = PBXGroup;
			children = (
				863988E2246043E100395509 /* LaunchScreen.storyboard */,
				863988DD246043DF00395509 /* Main.storyboard */,
				863988EB246056F000395509 /* AlertSwitchTableViewCell.swift */,
			);
			path = View;
			sourceTree = "<group>";
		};
/* End PBXGroup section */

/* Begin PBXNativeTarget section */
		863988D3246043DF00395509 /* Overdue */ = {
			isa = PBXNativeTarget;
			buildConfigurationList = 863988E8246043E100395509 /* Build configuration list for PBXNativeTarget "Overdue" */;
			buildPhases = (
				863988D0246043DF00395509 /* Sources */,
				863988D1246043DF00395509 /* Frameworks */,
				863988D2246043DF00395509 /* Resources */,
			);
			buildRules = (
			);
			dependencies = (
			);
			name = Overdue;
			productName = Overdue;
			productReference = 863988D4246043DF00395509 /* Overdue.app */;
			productType = "com.apple.product-type.application";
		};
/* End PBXNativeTarget section */

/* Begin PBXProject section */
		863988CC246043DF00395509 /* Project object */ = {
			isa = PBXProject;
			attributes = {
				LastSwiftUpdateCheck = 1140;
				LastUpgradeCheck = 1140;
				ORGANIZATIONNAME = "Garima Bothra";
				TargetAttributes = {
					863988D3246043DF00395509 = {
						CreatedOnToolsVersion = 11.4.1;
					};
				};
			};
			buildConfigurationList = 863988CF246043DF00395509 /* Build configuration list for PBXProject "Overdue" */;
			compatibilityVersion = "Xcode 9.3";
			developmentRegion = en;
			hasScannedForEncodings = 0;
			knownRegions = (
				en,
				Base,
			);
			mainGroup = 863988CB246043DF00395509;
			productRefGroup = 863988D5246043DF00395509 /* Products */;
			projectDirPath = "";
			projectRoot = "";
			targets = (
				863988D3246043DF00395509 /* Overdue */,
			);
		};
/* End PBXProject section */

/* Begin PBXResourcesBuildPhase section */
		863988D2246043DF00395509 /* Resources */ = {
			isa = PBXResourcesBuildPhase;
			buildActionMask = 2147483647;
			files = (
				863988E4246043E100395509 /* LaunchScreen.storyboard in Resources */,
				863988E1246043E100395509 /* Assets.xcassets in Resources */,
				863988DF246043DF00395509 /* Main.storyboard in Resources */,
			);
			runOnlyForDeploymentPostprocessing = 0;
		};
/* End PBXResourcesBuildPhase section */

/* Begin PBXSourcesBuildPhase section */
		863988D0246043DF00395509 /* Sources */ = {
			isa = PBXSourcesBuildPhase;
			buildActionMask = 2147483647;
			files = (
				869191E22460DC5F00C24C64 /* OverdraftsTabViewController.swift in Sources */,
				863988DC246043DF00395509 /* OverdraftViewController.swift in Sources */,
				863988D8246043DF00395509 /* AppDelegate.swift in Sources */,
				863988EC246056F000395509 /* AlertSwitchTableViewCell.swift in Sources */,
				863988DA246043DF00395509 /* SceneDelegate.swift in Sources */,
			);
			runOnlyForDeploymentPostprocessing = 0;
		};
/* End PBXSourcesBuildPhase section */

/* Begin PBXVariantGroup section */
		863988DD246043DF00395509 /* Main.storyboard */ = {
			isa = PBXVariantGroup;
			children = (
				863988DE246043DF00395509 /* Base */,
			);
			name = Main.storyboard;
			sourceTree = "<group>";
		};
		863988E2246043E100395509 /* LaunchScreen.storyboard */ = {
			isa = PBXVariantGroup;
			children = (
				863988E3246043E100395509 /* Base */,
			);
			name = LaunchScreen.storyboard;
			sourceTree = "<group>";
		};
/* End PBXVariantGroup section */

/* Begin XCBuildConfiguration section */
		863988E6246043E100395509 /* Debug */ = {
			isa = XCBuildConfiguration;
			buildSettings = {
				ALWAYS_SEARCH_USER_PATHS = NO;
				CLANG_ANALYZER_NONNULL = YES;
				CLANG_ANALYZER_NUMBER_OBJECT_CONVERSION = YES_AGGRESSIVE;
				CLANG_CXX_LANGUAGE_STANDARD = "gnu++14";
				CLANG_CXX_LIBRARY = "libc++";
				CLANG_ENABLE_MODULES = YES;
				CLANG_ENABLE_OBJC_ARC = YES;
				CLANG_ENABLE_OBJC_WEAK = YES;
				CLANG_WARN_BLOCK_CAPTURE_AUTORELEASING = YES;
				CLANG_WARN_BOOL_CONVERSION = YES;
				CLANG_WARN_COMMA = YES;
				CLANG_WARN_CONSTANT_CONVERSION = YES;
				CLANG_WARN_DEPRECATED_OBJC_IMPLEMENTATIONS = YES;
				CLANG_WARN_DIRECT_OBJC_ISA_USAGE = YES_ERROR;
				CLANG_WARN_DOCUMENTATION_COMMENTS = YES;
				CLANG_WARN_EMPTY_BODY = YES;
				CLANG_WARN_ENUM_CONVERSION = YES;
				CLANG_WARN_INFINITE_RECURSION = YES;
				CLANG_WARN_INT_CONVERSION = YES;
				CLANG_WARN_NON_LITERAL_NULL_CONVERSION = YES;
				CLANG_WARN_OBJC_IMPLICIT_RETAIN_SELF = YES;
				CLANG_WARN_OBJC_LITERAL_CONVERSION = YES;
				CLANG_WARN_OBJC_ROOT_CLASS = YES_ERROR;
				CLANG_WARN_RANGE_LOOP_ANALYSIS = YES;
				CLANG_WARN_STRICT_PROTOTYPES = YES;
				CLANG_WARN_SUSPICIOUS_MOVE = YES;
				CLANG_WARN_UNGUARDED_AVAILABILITY = YES_AGGRESSIVE;
				CLANG_WARN_UNREACHABLE_CODE = YES;
				CLANG_WARN__DUPLICATE_METHOD_MATCH = YES;
				COPY_PHASE_STRIP = NO;
				DEBUG_INFORMATION_FORMAT = dwarf;
				ENABLE_STRICT_OBJC_MSGSEND = YES;
				ENABLE_TESTABILITY = YES;
				GCC_C_LANGUAGE_STANDARD = gnu11;
				GCC_DYNAMIC_NO_PIC = NO;
				GCC_NO_COMMON_BLOCKS = YES;
				GCC_OPTIMIZATION_LEVEL = 0;
				GCC_PREPROCESSOR_DEFINITIONS = (
					"DEBUG=1",
					"$(inherited)",
				);
				GCC_WARN_64_TO_32_BIT_CONVERSION = YES;
				GCC_WARN_ABOUT_RETURN_TYPE = YES_ERROR;
				GCC_WARN_UNDECLARED_SELECTOR = YES;
				GCC_WARN_UNINITIALIZED_AUTOS = YES_AGGRESSIVE;
				GCC_WARN_UNUSED_FUNCTION = YES;
				GCC_WARN_UNUSED_VARIABLE = YES;
				IPHONEOS_DEPLOYMENT_TARGET = 13.0;
				MTL_ENABLE_DEBUG_INFO = INCLUDE_SOURCE;
				MTL_FAST_MATH = YES;
				ONLY_ACTIVE_ARCH = YES;
				SDKROOT = iphoneos;
				SWIFT_ACTIVE_COMPILATION_CONDITIONS = DEBUG;
				SWIFT_OPTIMIZATION_LEVEL = "-Onone";
			};
			name = Debug;
		};
		863988E7246043E100395509 /* Release */ = {
			isa = XCBuildConfiguration;
			buildSettings = {
				ALWAYS_SEARCH_USER_PATHS = NO;
				CLANG_ANALYZER_NONNULL = YES;
				CLANG_ANALYZER_NUMBER_OBJECT_CONVERSION = YES_AGGRESSIVE;
				CLANG_CXX_LANGUAGE_STANDARD = "gnu++14";
				CLANG_CXX_LIBRARY = "libc++";
				CLANG_ENABLE_MODULES = YES;
				CLANG_ENABLE_OBJC_ARC = YES;
				CLANG_ENABLE_OBJC_WEAK = YES;
				CLANG_WARN_BLOCK_CAPTURE_AUTORELEASING = YES;
				CLANG_WARN_BOOL_CONVERSION = YES;
				CLANG_WARN_COMMA = YES;
				CLANG_WARN_CONSTANT_CONVERSION = YES;
				CLANG_WARN_DEPRECATED_OBJC_IMPLEMENTATIONS = YES;
				CLANG_WARN_DIRECT_OBJC_ISA_USAGE = YES_ERROR;
				CLANG_WARN_DOCUMENTATION_COMMENTS = YES;
				CLANG_WARN_EMPTY_BODY = YES;
				CLANG_WARN_ENUM_CONVERSION = YES;
				CLANG_WARN_INFINITE_RECURSION = YES;
				CLANG_WARN_INT_CONVERSION = YES;
				CLANG_WARN_NON_LITERAL_NULL_CONVERSION = YES;
				CLANG_WARN_OBJC_IMPLICIT_RETAIN_SELF = YES;
				CLANG_WARN_OBJC_LITERAL_CONVERSION = YES;
				CLANG_WARN_OBJC_ROOT_CLASS = YES_ERROR;
				CLANG_WARN_RANGE_LOOP_ANALYSIS = YES;
				CLANG_WARN_STRICT_PROTOTYPES = YES;
				CLANG_WARN_SUSPICIOUS_MOVE = YES;
				CLANG_WARN_UNGUARDED_AVAILABILITY = YES_AGGRESSIVE;
				CLANG_WARN_UNREACHABLE_CODE = YES;
				CLANG_WARN__DUPLICATE_METHOD_MATCH = YES;
				COPY_PHASE_STRIP = NO;
				DEBUG_INFORMATION_FORMAT = "dwarf-with-dsym";
				ENABLE_NS_ASSERTIONS = NO;
				ENABLE_STRICT_OBJC_MSGSEND = YES;
				GCC_C_LANGUAGE_STANDARD = gnu11;
				GCC_NO_COMMON_BLOCKS = YES;
				GCC_WARN_64_TO_32_BIT_CONVERSION = YES;
				GCC_WARN_ABOUT_RETURN_TYPE = YES_ERROR;
				GCC_WARN_UNDECLARED_SELECTOR = YES;
				GCC_WARN_UNINITIALIZED_AUTOS = YES_AGGRESSIVE;
				GCC_WARN_UNUSED_FUNCTION = YES;
				GCC_WARN_UNUSED_VARIABLE = YES;
				IPHONEOS_DEPLOYMENT_TARGET = 13.0;
				MTL_ENABLE_DEBUG_INFO = NO;
				MTL_FAST_MATH = YES;
				SDKROOT = iphoneos;
				SWIFT_COMPILATION_MODE = wholemodule;
				SWIFT_OPTIMIZATION_LEVEL = "-O";
				VALIDATE_PRODUCT = YES;
			};
			name = Release;
		};
		863988E9246043E100395509 /* Debug */ = {
			isa = XCBuildConfiguration;
			buildSettings = {
				ASSETCATALOG_COMPILER_APPICON_NAME = AppIcon;
				CODE_SIGN_STYLE = Automatic;
				DEVELOPMENT_TEAM = 33G6XV4555;
				INFOPLIST_FILE = Overdue/Info.plist;
				LD_RUNPATH_SEARCH_PATHS = (
					"$(inherited)",
					"@executable_path/Frameworks",
				);
				PRODUCT_BUNDLE_IDENTIFIER = com.garimabothra.Overdue;
				PRODUCT_NAME = "$(TARGET_NAME)";
				SWIFT_VERSION = 5.0;
				TARGETED_DEVICE_FAMILY = "1,2";
			};
			name = Debug;
		};
		863988EA246043E100395509 /* Release */ = {
			isa = XCBuildConfiguration;
			buildSettings = {
				ASSETCATALOG_COMPILER_APPICON_NAME = AppIcon;
				CODE_SIGN_STYLE = Automatic;
				DEVELOPMENT_TEAM = 33G6XV4555;
				INFOPLIST_FILE = Overdue/Info.plist;
				LD_RUNPATH_SEARCH_PATHS = (
					"$(inherited)",
					"@executable_path/Frameworks",
				);
				PRODUCT_BUNDLE_IDENTIFIER = com.garimabothra.Overdue;
				PRODUCT_NAME = "$(TARGET_NAME)";
				SWIFT_VERSION = 5.0;
				TARGETED_DEVICE_FAMILY = "1,2";
			};
			name = Release;
		};
/* End XCBuildConfiguration section */

/* Begin XCConfigurationList section */
		863988CF246043DF00395509 /* Build configuration list for PBXProject "Overdue" */ = {
			isa = XCConfigurationList;
			buildConfigurations = (
				863988E6246043E100395509 /* Debug */,
				863988E7246043E100395509 /* Release */,
			);
			defaultConfigurationIsVisible = 0;
			defaultConfigurationName = Release;
		};
		863988E8246043E100395509 /* Build configuration list for PBXNativeTarget "Overdue" */ = {
			isa = XCConfigurationList;
			buildConfigurations = (
				863988E9246043E100395509 /* Debug */,
				863988EA246043E100395509 /* Release */,
			);
			defaultConfigurationIsVisible = 0;
			defaultConfigurationName = Release;
		};
/* End XCConfigurationList section */
	};
	rootObject = 863988CC246043DF00395509 /* Project object */;
}
